{
  "version": 1,
  "dependencies": {
    "net7.0": {
      "AWS.Logger.AspNetCore": {
        "type": "Direct",
        "requested": "[3.3.0, )",
        "resolved": "3.3.0",
        "contentHash": "iOvXAfPfmZZ/WdOasrZVznDp76PskEd9JyVswe1c01PwkuNj2qm7EueHJmEOwdgqc3bj5jW1TIIqXnthRryGwA==",
        "dependencies": {
          "AWS.Logger.Core": "3.1.0",
          "Microsoft.Extensions.Configuration": "2.1.0",
          "Microsoft.Extensions.DependencyInjection": "2.1.0",
          "Microsoft.Extensions.Logging": "2.1.0"
        }
      },
      "AWS.Logger.SeriLog": {
        "type": "Direct",
        "requested": "[3.2.0, )",
        "resolved": "3.2.0",
        "contentHash": "zslsNobQR3j2o+NrlcuVmrWLNyoyeZKIs5n0tO4+Hz6Z2Wcr9FqqgMxzXpKzkYBzQzfYCB/SlovOGvuWEqnnew==",
        "dependencies": {
          "AWS.Logger.Core": "3.1.0",
          "Microsoft.Extensions.Configuration.Abstractions": "1.0.0",
          "Serilog": "2.6.0"
        }
      },
      "AWSSDK.CloudWatchLogs": {
        "type": "Direct",
        "requested": "[3.7.104.40, )",
        "resolved": "3.7.104.40",
        "contentHash": "KDl4kHFiTkjGwtU31dgUbhS/ouYRHk/qftZZs+SR3rnR4lQFduvRYN/zWUUppti6MC1XT6uA7JTbE7UzEqjrkQ==",
        "dependencies": {
          "AWSSDK.Core": "[3.7.106.4, 4.0.0)"
        }
      },
      "AWSSDK.Extensions.NETCore.Setup": {
        "type": "Direct",
        "requested": "[3.7.5, )",
        "resolved": "3.7.5",
        "contentHash": "T+JpP2dFbyAFgm5htiwx9oaGZ9+IVGz5xpBCzCbLWW4lwmVWn3o1Wzi4xUpAo+TULWlzf4CBhuJ9chO0YtAGVw==",
        "dependencies": {
          "AWSSDK.Core": "3.7.6",
          "Microsoft.Extensions.Configuration.Abstractions": "2.0.0",
          "Microsoft.Extensions.DependencyInjection.Abstractions": "2.0.0",
          "Microsoft.Extensions.Logging.Abstractions": "2.0.0"
        }
      },
      "FluentValidation.AspNetCore": {
        "type": "Direct",
        "requested": "[11.2.2, )",
        "resolved": "11.2.2",
        "contentHash": "jU/MHXqg9cnOU18dY75vorP2c2WDKMan4zegOPsoc34xZVjzTEtXP0fKvkDEdeaChUVooNWuRr27u9w3sYbEFA==",
        "dependencies": {
          "FluentValidation": "11.2.1",
          "FluentValidation.DependencyInjectionExtensions": "11.2.1"
        }
      },
      "Serilog": {
        "type": "Direct",
        "requested": "[2.12.0, )",
        "resolved": "2.12.0",
        "contentHash": "xaiJLIdu6rYMKfQMYUZgTy8YK7SMZjB4Yk50C/u//Z4OsvxkUfSPJy4nknfvwAC34yr13q7kcyh4grbwhSxyZg=="
      },
      "Serilog.AspNetCore": {
        "type": "Direct",
        "requested": "[6.1.0, )",
        "resolved": "6.1.0",
        "contentHash": "iMwFUJDN+/yWIPz4TKCliagJ1Yn//SceCYCzgdPwe/ECYUwb5/WUL8cTzRKV+tFwxGjLEV/xpm0GupS5RwbhSQ==",
        "dependencies": {
          "Microsoft.Extensions.DependencyInjection": "5.0.0",
          "Microsoft.Extensions.Logging": "5.0.0",
          "Serilog": "2.10.0",
          "Serilog.Extensions.Hosting": "5.0.1",
          "Serilog.Formatting.Compact": "1.1.0",
          "Serilog.Settings.Configuration": "3.3.0",
          "Serilog.Sinks.Console": "4.0.1",
          "Serilog.Sinks.Debug": "2.0.0",
          "Serilog.Sinks.File": "5.0.0"
        }
      },
      "Serilog.Enrichers.Process": {
        "type": "Direct",
        "requested": "[2.0.2, )",
        "resolved": "2.0.2",
        "contentHash": "T9EjKKLsL6qC/3eOLUAKEPBLEqPDmt5BLXaQdPMaxJzuex+MeXA8DuAiPboUaftp3kbnCN4ZgZpDvs+Fa7OHuw==",
        "dependencies": {
          "Serilog": "2.3.0"
        }
      },
      "Serilog.Enrichers.Thread": {
        "type": "Direct",
        "requested": "[3.1.0, )",
        "resolved": "3.1.0",
        "contentHash": "85lWsGRJpRxvKT6j/H67no55SUBsBIvp556TKuBTGhjtoPeq+L7j/sDWbgAtvT0p7u7/phJyX6j35PQ4Vtqw0g==",
        "dependencies": {
          "Serilog": "2.3.0"
        }
      },
      "Serilog.Extensions.Logging": {
        "type": "Direct",
        "requested": "[3.1.0, )",
        "resolved": "3.1.0",
        "contentHash": "IWfem7wfrFbB3iw1OikqPFNPEzfayvDuN4WP7Ue1AVFskalMByeWk3QbtUXQR34SBkv1EbZ3AySHda/ErDgpcg==",
        "dependencies": {
          "Microsoft.Extensions.Logging": "2.0.0",
          "Serilog": "2.9.0"
        }
      },
      "Serilog.Extensions.Logging.File": {
        "type": "Direct",
        "requested": "[3.0.0, )",
        "resolved": "3.0.0",
        "contentHash": "bUYjMHn7NhpK+/8HDftG7+G5hpWzD49XTSvLoUFZGgappDa6FoseqFOsLrjLRjwe1zM+igH5mySFJv3ntb+qcg==",
        "dependencies": {
          "Microsoft.Extensions.Configuration.Abstractions": "6.0.0",
          "Microsoft.Extensions.Configuration.Binder": "6.0.0",
          "Serilog": "2.10.0",
          "Serilog.Extensions.Logging": "3.1.0",
          "Serilog.Formatting.Compact": "1.1.0",
          "Serilog.Sinks.Async": "1.5.0",
          "Serilog.Sinks.RollingFile": "3.3.0"
        }
      },
      "Serilog.Formatting.Compact": {
        "type": "Direct",
        "requested": "[1.1.0, )",
        "resolved": "1.1.0",
        "contentHash": "pNroKVjo+rDqlxNG5PXkRLpfSCuDOBY0ri6jp9PLe505ljqwhwZz8ospy2vWhQlFu5GkIesh3FcDs4n7sWZODA==",
        "dependencies": {
          "Serilog": "2.8.0"
        }
      },
      "Serilog.Settings.Configuration": {
        "type": "Direct",
        "requested": "[3.4.0, )",
        "resolved": "3.4.0",
        "contentHash": "ULloXSiapTb3zOWodC0G4WRDQzA5RjMEfZNZzOZpH8kC3t/lrISLblklIpKC44CX0sMDF40MnJwTIQ3pFQFs4g==",
        "dependencies": {
          "Microsoft.Extensions.Configuration.Binder": "2.0.0",
          "Microsoft.Extensions.DependencyModel": "3.0.0",
          "Serilog": "2.10.0"
        }
      },
      "Serilog.Sinks.AwsCloudWatch": {
        "type": "Direct",
        "requested": "[4.0.171, )",
        "resolved": "4.0.171",
        "contentHash": "eJ0ZKLWbrOQ38u3/+vLZwTrBt6KtWthdvR6s0SmvbuupO3kr5x93UL3klzhp0Ewe/CwfYcYZ88hygJQ+Xe89Mg==",
        "dependencies": {
          "AWSSDK.CloudWatchLogs": "3.7.0.13",
          "Serilog": "2.10.0",
          "Serilog.Sinks.PeriodicBatching": "2.3.0"
        }
      },
      "Serilog.Sinks.Console": {
        "type": "Direct",
        "requested": "[4.1.0, )",
        "resolved": "4.1.0",
        "contentHash": "K6N5q+5fetjnJPvCmkWOpJ/V8IEIoMIB1s86OzBrbxwTyHxdx3pmz4H+8+O/Dc/ftUX12DM1aynx/dDowkwzqg==",
        "dependencies": {
          "Serilog": "2.10.0"
        }
      },
      "Serilog.Sinks.File": {
        "type": "Direct",
        "requested": "[5.0.0, )",
        "resolved": "5.0.0",
        "contentHash": "uwV5hdhWPwUH1szhO8PJpFiahqXmzPzJT/sOijH/kFgUx+cyoDTMM8MHD0adw9+Iem6itoibbUXHYslzXsLEAg==",
        "dependencies": {
          "Serilog": "2.10.0"
        }
      },
      "StyleCop.Analyzers": {
        "type": "Direct",
        "requested": "[1.2.0-beta.435, )",
        "resolved": "1.2.0-beta.435",
        "contentHash": "TADk7vdGXtfTnYCV7GyleaaRTQjfoSfZXprQrVMm7cSJtJbFc1QIbWPyLvrgrfGdfHbGmUPvaN4ODKNxg2jgPQ==",
        "dependencies": {
          "StyleCop.Analyzers.Unstable": "1.2.0.435"
        }
      },
      "Swashbuckle.AspNetCore": {
        "type": "Direct",
        "requested": "[6.5.0, )",
        "resolved": "6.5.0",
        "contentHash": "FK05XokgjgwlCI6wCT+D4/abtQkL1X1/B9Oas6uIwHFmYrIO9WUD5aLC9IzMs9GnHfUXOtXZ2S43gN1mhs5+aA==",
        "dependencies": {
          "Microsoft.Extensions.ApiDescription.Server": "6.0.5",
          "Swashbuckle.AspNetCore.Swagger": "6.5.0",
          "Swashbuckle.AspNetCore.SwaggerGen": "6.5.0",
          "Swashbuckle.AspNetCore.SwaggerUI": "6.5.0"
        }
      },
      "Swashbuckle.AspNetCore.Annotations": {
        "type": "Direct",
        "requested": "[6.5.0, )",
        "resolved": "6.5.0",
        "contentHash": "EcHd1z2pEdnpaBMTI9qjVxk6mFVGVMZ1n0ySC3fjrkXCQQ8O9fMdt9TxPJRKyjiTiTjvO9700jKjmyl+hPBinQ==",
        "dependencies": {
          "Swashbuckle.AspNetCore.SwaggerGen": "6.5.0"
        }
      },
      "AWS.Logger.Core": {
        "type": "Transitive",
        "resolved": "3.1.0",
        "contentHash": "ruKBNASE/IBnVZhyeUy0ueuxq1CuMtDHNpU2cqGUg12SxvClkqqY/PVXyM6I4ltsMh/1tF8WdpTBj9k3Fw/PgA==",
        "dependencies": {
          "AWSSDK.CloudWatchLogs": "3.7.0.5"
        }
      },
      "AWSSDK.Core": {
        "type": "Transitive",
        "resolved": "3.7.106.4",
        "contentHash": "U+U7j0k5NxXXjjD9yxsVN5MjRpYlTSMyaDjLqwJaaeoFhycdkJ81t3Baret6VBwIGMmYpjAerk79vLAhvwU5Wg=="
      },
      "FluentValidation": {
        "type": "Transitive",
        "resolved": "11.2.1",
        "contentHash": "ZrQD0TGd0mHqf/zErZOEaba8cBeInaJj02nqinO+0La3uE08sJ5ScTYqsCbdx9fLHsX8rh+5KH5RtL2eOUS+OA=="
      },
      "FluentValidation.DependencyInjectionExtensions": {
        "type": "Transitive",
        "resolved": "11.2.1",
        "contentHash": "WqR2kt0OidUCg9xS+YOoiDmdCu7EnYLLgQb/bX+5fTTVor+90dWmr1OdJaWlLZvg2nbwV9EfxA9FZp91+JmQtg==",
        "dependencies": {
          "FluentValidation": "11.2.1",
          "Microsoft.Extensions.Dependencyinjection.Abstractions": "2.1.0"
        }
      },
      "LiteDB": {
        "type": "Transitive",
        "resolved": "5.0.15",
        "contentHash": "nucyfCOGSATH553BxplxExP3BOqEwmHt0B57426EIaQjD3CC1Odb52VVCGgTxyYaD2oe3B/cJk8jDo6XiBJqPg=="
      },
      "Microsoft.Extensions.ApiDescription.Server": {
        "type": "Transitive",
        "resolved": "6.0.5",
        "contentHash": "Ckb5EDBUNJdFWyajfXzUIMRkhf52fHZOQuuZg/oiu8y7zDCVwD0iHhew6MnThjHmevanpxL3f5ci2TtHQEN6bw=="
      },
      "Microsoft.Extensions.Configuration": {
        "type": "Transitive",
        "resolved": "2.1.0",
        "contentHash": "SS8ce1GYQTkZoOq5bskqQ+m7xiXQjnKRiGfVNZkkX2SX0HpXNRsKnSUaywRRuCje3v2KT9xeacsM3J9/G2exsQ==",
        "dependencies": {
          "Microsoft.Extensions.Configuration.Abstractions": "2.1.0"
        }
      },
      "Microsoft.Extensions.Configuration.Abstractions": {
        "type": "Transitive",
        "resolved": "6.0.0",
        "contentHash": "qWzV9o+ZRWq+pGm+1dF+R7qTgTYoXvbyowRoBxQJGfqTpqDun2eteerjRQhq5PQ/14S+lqto3Ft4gYaRyl4rdQ==",
        "dependencies": {
          "Microsoft.Extensions.Primitives": "6.0.0"
        }
      },
      "Microsoft.Extensions.Configuration.Binder": {
        "type": "Transitive",
        "resolved": "6.0.0",
        "contentHash": "b3ErKzND8LIC7o08QAVlKfaEIYEvLJbtmVbFZVBRXeu9YkKfSSzLZfR1SUfQPBIy9mKLhEtJgGYImkcMNaKE0A==",
        "dependencies": {
          "Microsoft.Extensions.Configuration.Abstractions": "6.0.0"
        }
      },
      "Microsoft.Extensions.DependencyInjection": {
        "type": "Transitive",
        "resolved": "5.0.0",
        "contentHash": "Rc2kb/p3Ze6cP6rhFC3PJRdWGbLvSHZc0ev7YlyeU6FmHciDMLrhoVoTUEzKPhN5ZjFgKF1Cf5fOz8mCMIkvpA==",
        "dependencies": {
          "Microsoft.Extensions.DependencyInjection.Abstractions": "5.0.0"
        }
      },
      "Microsoft.Extensions.DependencyInjection.Abstractions": {
        "type": "Transitive",
        "resolved": "5.0.0",
        "contentHash": "ORj7Zh81gC69TyvmcUm9tSzytcy8AVousi+IVRAI8nLieQjOFryRusSFh7+aLk16FN9pQNqJAiMd7BTKINK0kA=="
      },
      "Microsoft.Extensions.DependencyModel": {
        "type": "Transitive",
        "resolved": "3.0.0",
        "contentHash": "Iaectmzg9Dc4ZbKX/FurrRjgO/I8rTumL5UU+Uube6vZuGetcnXoIgTA94RthFWePhdMVm8MMhVFJZdbzMsdyQ==",
        "dependencies": {
          "System.Text.Json": "4.6.0"
        }
      },
      "Microsoft.Extensions.FileProviders.Abstractions": {
        "type": "Transitive",
        "resolved": "3.1.8",
        "contentHash": "U7ffyzrPfRDH5K3h/mBpqJVoHbppw1kc1KyHZcZeDR7b1A0FRaqMSiizGpN9IGwWs9BuN7oXIKFyviuSGBjHtQ==",
        "dependencies": {
          "Microsoft.Extensions.Primitives": "3.1.8"
        }
      },
      "Microsoft.Extensions.Hosting.Abstractions": {
        "type": "Transitive",
        "resolved": "3.1.8",
        "contentHash": "7ZJUKwPipkDvuv2KJPZ3r01wp2AWNMiYH+61i0dL89F7QICknjKpWgLKLpTSUYFgl77S3b4264I6i4HzDdrb2A==",
        "dependencies": {
          "Microsoft.Extensions.Configuration.Abstractions": "3.1.8",
          "Microsoft.Extensions.DependencyInjection.Abstractions": "3.1.8",
          "Microsoft.Extensions.FileProviders.Abstractions": "3.1.8",
          "Microsoft.Extensions.Logging.Abstractions": "3.1.8"
        }
      },
      "Microsoft.Extensions.Logging": {
        "type": "Transitive",
        "resolved": "5.0.0",
        "contentHash": "MgOwK6tPzB6YNH21wssJcw/2MKwee8b2gI7SllYfn6rvTpIrVvVS5HAjSU2vqSku1fwqRvWP0MdIi14qjd93Aw==",
        "dependencies": {
          "Microsoft.Extensions.DependencyInjection": "5.0.0",
          "Microsoft.Extensions.DependencyInjection.Abstractions": "5.0.0",
          "Microsoft.Extensions.Logging.Abstractions": "5.0.0",
          "Microsoft.Extensions.Options": "5.0.0"
        }
      },
      "Microsoft.Extensions.Logging.Abstractions": {
        "type": "Transitive",
        "resolved": "5.0.0",
        "contentHash": "NxP6ahFcBnnSfwNBi2KH2Oz8Xl5Sm2krjId/jRR3I7teFphwiUoUeZPwTNA21EX+5PtjqmyAvKaOeBXcJjcH/w=="
      },
      "Microsoft.Extensions.Options": {
        "type": "Transitive",
        "resolved": "5.0.0",
        "contentHash": "CBvR92TCJ5uBIdd9/HzDSrxYak+0W/3+yxrNg8Qm6Bmrkh5L+nu6m3WeazQehcZ5q1/6dDA7J5YdQjim0165zg==",
        "dependencies": {
          "Microsoft.Extensions.DependencyInjection.Abstractions": "5.0.0",
          "Microsoft.Extensions.Primitives": "5.0.0"
        }
      },
      "Microsoft.Extensions.Primitives": {
        "type": "Transitive",
        "resolved": "6.0.0",
        "contentHash": "9+PnzmQFfEFNR9J2aDTfJGGupShHjOuGw4VUv+JB044biSHrnmCIMD+mJHmb2H7YryrfBEXDurxQ47gJZdCKNQ==",
        "dependencies": {
          "System.Runtime.CompilerServices.Unsafe": "6.0.0"
        }
      },
      "Microsoft.NETCore.Platforms": {
        "type": "Transitive",
        "resolved": "1.0.1",
        "contentHash": "2G6OjjJzwBfNOO8myRV/nFrbTw5iA+DEm0N+qUqhrOmaVtn4pC77h38I1jsXGw5VH55+dPfQsqHD0We9sCl9FQ=="
      },
      "Microsoft.NETCore.Targets": {
        "type": "Transitive",
        "resolved": "1.0.1",
        "contentHash": "rkn+fKobF/cbWfnnfBOQHKVKIOpxMZBvlSHkqDWgBpwGDcLRduvs3D9OLGeV6GWGvVwNlVi2CBbTjuPmtHvyNw=="
      },
      "Microsoft.OpenApi": {
        "type": "Transitive",
        "resolved": "1.2.3",
        "contentHash": "Nug3rO+7Kl5/SBAadzSMAVgqDlfGjJZ0GenQrLywJ84XGKO0uRqkunz5Wyl0SDwcR71bAATXvSdbdzPrYRYKGw=="
      },
      "Serilog.Extensions.Hosting": {
        "type": "Transitive",
        "resolved": "5.0.1",
        "contentHash": "o0VUyt3npAqOJaZ6CiWLFeLYs3CYJwfcAqaUqprzsmj7qYIvorcn8cZLVR8AQX6vzX7gee2bD0sQeA17iO2/Aw==",
        "dependencies": {
          "Microsoft.Extensions.DependencyInjection.Abstractions": "3.1.8",
          "Microsoft.Extensions.Hosting.Abstractions": "3.1.8",
          "Microsoft.Extensions.Logging.Abstractions": "3.1.8",
          "Serilog": "2.10.0",
          "Serilog.Extensions.Logging": "3.1.0"
        }
      },
      "Serilog.Sinks.Async": {
        "type": "Transitive",
        "resolved": "1.5.0",
        "contentHash": "csHYIqAwI4Gy9oAhXYRwxGrQEAtBg3Ep7WaCzsnA1cZuBZjVAU0n7hWaJhItjO7hbLHh/9gRVxALCUB4Dv+gZw==",
        "dependencies": {
          "Serilog": "2.9.0"
        }
      },
      "Serilog.Sinks.Debug": {
        "type": "Transitive",
        "resolved": "2.0.0",
        "contentHash": "Y6g3OBJ4JzTyyw16fDqtFcQ41qQAydnEvEqmXjhwhgjsnG/FaJ8GUqF5ldsC/bVkK8KYmqrPhDO+tm4dF6xx4A==",
        "dependencies": {
          "Serilog": "2.10.0"
        }
      },
      "Serilog.Sinks.PeriodicBatching": {
        "type": "Transitive",
        "resolved": "2.3.0",
        "contentHash": "UYKSjTMTlUY9T3OgzMmLDLD+z0qPfgvq/RvG0rKfyz+O+Zrjw3X/Xpv14J4WMcGVsOjUaR+k8n2MdmqVpJtI6A==",
        "dependencies": {
          "Serilog": "2.0.0",
          "System.Collections.Concurrent": "4.0.12",
          "System.Threading.Timer": "4.0.1"
        }
      },
      "Serilog.Sinks.RollingFile": {
        "type": "Transitive",
        "resolved": "3.3.0",
        "contentHash": "2lT5X1r3GH4P0bRWJfhA7etGl8Q2Ipw9AACvtAHWRUSpYZ42NGVyHoVs2ALBZ/cAkkS+tA4jl80Zie144eLQPg==",
        "dependencies": {
          "Serilog.Sinks.File": "3.2.0",
          "System.IO": "4.1.0",
          "System.IO.FileSystem.Primitives": "4.0.1",
          "System.Runtime.InteropServices": "4.1.0",
          "System.Text.Encoding.Extensions": "4.0.11"
        }
      },
      "StyleCop.Analyzers.Unstable": {
        "type": "Transitive",
        "resolved": "1.2.0.435",
        "contentHash": "ouwPWZxbOV3SmCZxIRqHvljkSzkCyi1tDoMzQtDb/bRP8ctASV/iRJr+A2Gdj0QLaLmWnqTWDrH82/iP+X80Lg=="
      },
      "Swashbuckle.AspNetCore.Swagger": {
        "type": "Transitive",
        "resolved": "6.5.0",
        "contentHash": "XWmCmqyFmoItXKFsQSwQbEAsjDKcxlNf1l+/Ki42hcb6LjKL8m5Db69OTvz5vLonMSRntYO1XLqz0OP+n3vKnA==",
        "dependencies": {
          "Microsoft.OpenApi": "1.2.3"
        }
      },
      "Swashbuckle.AspNetCore.SwaggerGen": {
        "type": "Transitive",
        "resolved": "6.5.0",
        "contentHash": "Y/qW8Qdg9OEs7V013tt+94OdPxbRdbhcEbw4NiwGvf4YBcfhL/y7qp/Mjv/cENsQ2L3NqJ2AOu94weBy/h4KvA==",
        "dependencies": {
          "Swashbuckle.AspNetCore.Swagger": "6.5.0"
        }
      },
      "Swashbuckle.AspNetCore.SwaggerUI": {
        "type": "Transitive",
        "resolved": "6.5.0",
        "contentHash": "OvbvxX+wL8skxTBttcBsVxdh73Fag4xwqEU2edh4JMn7Ws/xJHnY/JB1e9RoCb6XpDxUF3hD9A0Z1lEUx40Pfw=="
      },
      "System.Collections": {
        "type": "Transitive",
        "resolved": "4.0.11",
        "contentHash": "YUJGz6eFKqS0V//mLt25vFGrrCvOnsXjlvFQs+KimpwNxug9x0Pzy4PlFMU3Q2IzqAa9G2L4LsK3+9vCBK7oTg==",
        "dependencies": {
          "Microsoft.NETCore.Platforms": "1.0.1",
          "Microsoft.NETCore.Targets": "1.0.1",
          "System.Runtime": "4.1.0"
        }
      },
      "System.Collections.Concurrent": {
        "type": "Transitive",
        "resolved": "4.0.12",
        "contentHash": "2gBcbb3drMLgxlI0fBfxMA31ec6AEyYCHygGse4vxceJan8mRIWeKJ24BFzN7+bi/NFTgdIgufzb94LWO5EERQ==",
        "dependencies": {
          "System.Collections": "4.0.11",
          "System.Diagnostics.Debug": "4.0.11",
          "System.Diagnostics.Tracing": "4.1.0",
          "System.Globalization": "4.0.11",
          "System.Reflection": "4.1.0",
          "System.Resources.ResourceManager": "4.0.1",
          "System.Runtime": "4.1.0",
          "System.Runtime.Extensions": "4.1.0",
          "System.Threading": "4.0.11",
          "System.Threading.Tasks": "4.0.11"
        }
      },
      "System.Diagnostics.Debug": {
        "type": "Transitive",
        "resolved": "4.0.11",
        "contentHash": "w5U95fVKHY4G8ASs/K5iK3J5LY+/dLFd4vKejsnI/ZhBsWS9hQakfx3Zr7lRWKg4tAw9r4iktyvsTagWkqYCiw==",
        "dependencies": {
          "Microsoft.NETCore.Platforms": "1.0.1",
          "Microsoft.NETCore.Targets": "1.0.1",
          "System.Runtime": "4.1.0"
        }
      },
      "System.Diagnostics.Tracing": {
        "type": "Transitive",
        "resolved": "4.1.0",
        "contentHash": "vDN1PoMZCkkdNjvZLql592oYJZgS7URcJzJ7bxeBgGtx5UtR5leNm49VmfHGqIffX4FKacHbI3H6UyNSHQknBg==",
        "dependencies": {
          "Microsoft.NETCore.Platforms": "1.0.1",
          "Microsoft.NETCore.Targets": "1.0.1",
          "System.Runtime": "4.1.0"
        }
      },
      "System.Globalization": {
        "type": "Transitive",
        "resolved": "4.0.11",
        "contentHash": "B95h0YLEL2oSnwF/XjqSWKnwKOy/01VWkNlsCeMTFJLLabflpGV26nK164eRs5GiaRSBGpOxQ3pKoSnnyZN5pg==",
        "dependencies": {
          "Microsoft.NETCore.Platforms": "1.0.1",
          "Microsoft.NETCore.Targets": "1.0.1",
          "System.Runtime": "4.1.0"
        }
      },
      "System.IO": {
        "type": "Transitive",
        "resolved": "4.1.0",
        "contentHash": "3KlTJceQc3gnGIaHZ7UBZO26SHL1SHE4ddrmiwumFnId+CEHP+O8r386tZKaE6zlk5/mF8vifMBzHj9SaXN+mQ==",
        "dependencies": {
          "Microsoft.NETCore.Platforms": "1.0.1",
          "Microsoft.NETCore.Targets": "1.0.1",
          "System.Runtime": "4.1.0",
          "System.Text.Encoding": "4.0.11",
          "System.Threading.Tasks": "4.0.11"
        }
      },
      "System.IO.FileSystem.Primitives": {
        "type": "Transitive",
        "resolved": "4.0.1",
        "contentHash": "kWkKD203JJKxJeE74p8aF8y4Qc9r9WQx4C0cHzHPrY3fv/L/IhWnyCHaFJ3H1QPOH6A93whlQ2vG5nHlBDvzWQ==",
        "dependencies": {
          "System.Runtime": "4.1.0"
        }
      },
      "System.Reflection": {
        "type": "Transitive",
        "resolved": "4.1.0",
        "contentHash": "JCKANJ0TI7kzoQzuwB/OoJANy1Lg338B6+JVacPl4TpUwi3cReg3nMLplMq2uqYfHFQpKIlHAUVAJlImZz/4ng==",
        "dependencies": {
          "Microsoft.NETCore.Platforms": "1.0.1",
          "Microsoft.NETCore.Targets": "1.0.1",
          "System.IO": "4.1.0",
          "System.Reflection.Primitives": "4.0.1",
          "System.Runtime": "4.1.0"
        }
      },
      "System.Reflection.Primitives": {
        "type": "Transitive",
        "resolved": "4.0.1",
        "contentHash": "4inTox4wTBaDhB7V3mPvp9XlCbeGYWVEM9/fXALd52vNEAVisc1BoVWQPuUuD0Ga//dNbA/WeMy9u9mzLxGTHQ==",
        "dependencies": {
          "Microsoft.NETCore.Platforms": "1.0.1",
          "Microsoft.NETCore.Targets": "1.0.1",
          "System.Runtime": "4.1.0"
        }
      },
      "System.Resources.ResourceManager": {
        "type": "Transitive",
        "resolved": "4.0.1",
        "contentHash": "TxwVeUNoTgUOdQ09gfTjvW411MF+w9MBYL7AtNVc+HtBCFlutPLhUCdZjNkjbhj3bNQWMdHboF0KIWEOjJssbA==",
        "dependencies": {
          "Microsoft.NETCore.Platforms": "1.0.1",
          "Microsoft.NETCore.Targets": "1.0.1",
          "System.Globalization": "4.0.11",
          "System.Reflection": "4.1.0",
          "System.Runtime": "4.1.0"
        }
      },
      "System.Runtime": {
        "type": "Transitive",
        "resolved": "4.1.0",
        "contentHash": "v6c/4Yaa9uWsq+JMhnOFewrYkgdNHNG2eMKuNqRn8P733rNXeRCGvV5FkkjBXn2dbVkPXOsO0xjsEeM1q2zC0g==",
        "dependencies": {
          "Microsoft.NETCore.Platforms": "1.0.1",
          "Microsoft.NETCore.Targets": "1.0.1"
        }
      },
      "System.Runtime.CompilerServices.Unsafe": {
        "type": "Transitive",
        "resolved": "6.0.0",
        "contentHash": "/iUeP3tq1S0XdNNoMz5C9twLSrM/TH+qElHkXWaPvuNOt+99G75NrV0OS2EqHx5wMN7popYjpc8oTjC1y16DLg=="
      },
      "System.Runtime.Extensions": {
        "type": "Transitive",
        "resolved": "4.1.0",
        "contentHash": "CUOHjTT/vgP0qGW22U4/hDlOqXmcPq5YicBaXdUR2UiUoLwBT+olO6we4DVbq57jeX5uXH2uerVZhf0qGj+sVQ==",
        "dependencies": {
          "Microsoft.NETCore.Platforms": "1.0.1",
          "Microsoft.NETCore.Targets": "1.0.1",
          "System.Runtime": "4.1.0"
        }
      },
      "System.Runtime.Handles": {
        "type": "Transitive",
        "resolved": "4.0.1",
        "contentHash": "nCJvEKguXEvk2ymk1gqj625vVnlK3/xdGzx0vOKicQkoquaTBJTP13AIYkocSUwHCLNBwUbXTqTWGDxBTWpt7g==",
        "dependencies": {
          "Microsoft.NETCore.Platforms": "1.0.1",
          "Microsoft.NETCore.Targets": "1.0.1",
          "System.Runtime": "4.1.0"
        }
      },
      "System.Runtime.InteropServices": {
        "type": "Transitive",
        "resolved": "4.1.0",
        "contentHash": "16eu3kjHS633yYdkjwShDHZLRNMKVi/s0bY8ODiqJ2RfMhDMAwxZaUaWVnZ2P71kr/or+X9o/xFWtNqz8ivieQ==",
        "dependencies": {
          "Microsoft.NETCore.Platforms": "1.0.1",
          "Microsoft.NETCore.Targets": "1.0.1",
          "System.Reflection": "4.1.0",
          "System.Reflection.Primitives": "4.0.1",
          "System.Runtime": "4.1.0",
          "System.Runtime.Handles": "4.0.1"
        }
      },
      "System.Text.Encoding": {
        "type": "Transitive",
        "resolved": "4.0.11",
        "contentHash": "U3gGeMlDZXxCEiY4DwVLSacg+DFWCvoiX+JThA/rvw37Sqrku7sEFeVBBBMBnfB6FeZHsyDx85HlKL19x0HtZA==",
        "dependencies": {
          "Microsoft.NETCore.Platforms": "1.0.1",
          "Microsoft.NETCore.Targets": "1.0.1",
          "System.Runtime": "4.1.0"
        }
      },
      "System.Text.Encoding.Extensions": {
        "type": "Transitive",
        "resolved": "4.0.11",
        "contentHash": "jtbiTDtvfLYgXn8PTfWI+SiBs51rrmO4AAckx4KR6vFK9Wzf6tI8kcRdsYQNwriUeQ1+CtQbM1W4cMbLXnj/OQ==",
        "dependencies": {
          "Microsoft.NETCore.Platforms": "1.0.1",
          "Microsoft.NETCore.Targets": "1.0.1",
          "System.Runtime": "4.1.0",
          "System.Text.Encoding": "4.0.11"
        }
      },
      "System.Text.Json": {
        "type": "Transitive",
        "resolved": "4.6.0",
        "contentHash": "4F8Xe+JIkVoDJ8hDAZ7HqLkjctN/6WItJIzQaifBwClC7wmoLSda/Sv2i6i1kycqDb3hWF4JCVbpAweyOKHEUA=="
      },
      "System.Threading": {
        "type": "Transitive",
        "resolved": "4.0.11",
        "contentHash": "N+3xqIcg3VDKyjwwCGaZ9HawG9aC6cSDI+s7ROma310GQo8vilFZa86hqKppwTHleR/G0sfOzhvgnUxWCR/DrQ==",
        "dependencies": {
          "System.Runtime": "4.1.0",
          "System.Threading.Tasks": "4.0.11"
        }
      },
      "System.Threading.Tasks": {
        "type": "Transitive",
        "resolved": "4.0.11",
        "contentHash": "k1S4Gc6IGwtHGT8188RSeGaX86Qw/wnrgNLshJvsdNUOPP9etMmo8S07c+UlOAx4K/xLuN9ivA1bD0LVurtIxQ==",
        "dependencies": {
          "Microsoft.NETCore.Platforms": "1.0.1",
          "Microsoft.NETCore.Targets": "1.0.1",
          "System.Runtime": "4.1.0"
        }
      },
      "System.Threading.Timer": {
        "type": "Transitive",
        "resolved": "4.0.1",
        "contentHash": "saGfUV8uqVW6LeURiqxcGhZ24PzuRNaUBtbhVeuUAvky1naH395A/1nY0P2bWvrw/BreRtIB/EzTDkGBpqCwEw==",
        "dependencies": {
          "Microsoft.NETCore.Platforms": "1.0.1",
          "Microsoft.NETCore.Targets": "1.0.1",
          "System.Runtime": "4.1.0"
        }
      },
      "answer.king.domain": {
        "type": "Project"
      },
      "answer.king.infrastructure": {
        "type": "Project",
        "dependencies": {
          "Answer.King.Domain": "[1.0.0, )",
          "LiteDB": "[5.0.15, )"
        }
      }
    },
    "net7.0/linux-x64": {
      "runtime.any.System.Collections": {
        "type": "Transitive",
        "resolved": "4.0.11",
        "contentHash": "MTBT/hu37Dm2042H1JjWSaMd8w+oPJ4ZWAbDNeLzC4ZHdqwHloP07KvD6+4VbwipDqY5obfFFy90mZYCaPDh5Q==",
        "dependencies": {
          "System.Runtime": "4.1.0"
        }
      },
      "runtime.any.System.Diagnostics.Tracing": {
        "type": "Transitive",
        "resolved": "4.1.0",
        "contentHash": "x7VLOl/v504jX97YEMePamZRHA3cJPOFY/xLw9pgjDr0Q3IQIZ+0K4oiKKtQrfMYSvOAntkzw+EvvQ+OWGRL9w=="
      },
      "runtime.any.System.Globalization": {
        "type": "Transitive",
        "resolved": "4.0.11",
        "contentHash": "cjJ3+b83Tpf02AIc5FkGj1vzY68RnsVHiGLrOCc5n7gpNVg1JnZrt1mcY99ykQ/wr3nCdvSP2pYvdxbYsxZdlA=="
      },
      "runtime.any.System.IO": {
        "type": "Transitive",
        "resolved": "4.1.0",
        "contentHash": "sC7zKVdhYQEtrREKBJf4zkUwNdi6fsbkzrhJLDIAxIxD+YA5PABAQJps13zxpA1Ke3AgzOA9551JDymAfmRuTg=="
      },
      "runtime.any.System.Reflection": {
        "type": "Transitive",
        "resolved": "4.1.0",
        "contentHash": "eKq6/GprEINYbugjWf2V9cjkyuAH/y+Raed28PJQ35zd30oR/pvKEHNN8JbPAgzYpI09TCd1yuhXN/Rb8PM8GA=="
      },
      "runtime.any.System.Reflection.Primitives": {
        "type": "Transitive",
        "resolved": "4.0.1",
        "contentHash": "oKs78h11WDhCGFNpxT26IqL8Oo8OBzr6YOW0WG+R14FGaB/WDM5UHiK/jr6dipdnO8Wxlg/U48ka6uaPM6l53w=="
      },
      "runtime.any.System.Resources.ResourceManager": {
        "type": "Transitive",
        "resolved": "4.0.1",
        "contentHash": "hes7WFTOERydB/hLGmLj66NbK7I2AnjLHEeTpf7EmPZOIrRWeuC1dPoFYC9XRVIVzfCcOZI7oXM7KXe4vakt9Q=="
      },
      "runtime.any.System.Runtime": {
        "type": "Transitive",
        "resolved": "4.1.0",
        "contentHash": "0QVLwEGXROl0Trt2XosEjly9uqXcjHKStoZyZG9twJYFZJqq2JJXcBMXl/fnyQAgYEEODV8lUsU+t7NCCY0nUQ==",
        "dependencies": {
          "System.Private.Uri": "4.0.1"
        }
      },
      "runtime.any.System.Runtime.Handles": {
        "type": "Transitive",
        "resolved": "4.0.1",
        "contentHash": "MZ5fVmAE/3S11wt3hPfn3RsAHppj5gUz+VZuLQkRjLCMSlX0krOI601IZsMWc3CoxUb+wMt3gZVb/mEjblw6Mg=="
      },
      "runtime.any.System.Runtime.InteropServices": {
        "type": "Transitive",
        "resolved": "4.1.0",
        "contentHash": "gmibdZ9x/eB6hf5le33DWLCQbhcIUD2vqoc0tBgqSUWlB8YjEzVJXyTPDO+ypKLlL90Kv3ZDrK7yPCNqcyhqCA=="
      },
      "runtime.any.System.Text.Encoding": {
        "type": "Transitive",
        "resolved": "4.0.11",
        "contentHash": "uweRMRDD4O8Iy8m4h1cJvoFIHNCzHMpipuxkRNAMML6EMzAhDCQTjgvRwki7PlUg8RGY1ctXnBZjT1rXvMZuRw=="
      },
      "runtime.any.System.Text.Encoding.Extensions": {
        "type": "Transitive",
        "resolved": "4.0.11",
        "contentHash": "3n6qbf59NMgA7F9S+q9gmqFV7T/CtAZw2pa6aprfdZxUinR2mDvVchsgthoacpQvAQu6e3ok8WWeypSu/yjXrA=="
      },
      "runtime.any.System.Threading.Tasks": {
        "type": "Transitive",
        "resolved": "4.0.11",
        "contentHash": "CEvWO0IwtdCAsmCb9aAl59psy0hzx+whYh4DzbjNb0GsQmxw/G7bZEcrBtE8c9QupNVbu87c2xaMi6p4r1bpjA=="
      },
      "runtime.any.System.Threading.Timer": {
        "type": "Transitive",
        "resolved": "4.0.1",
        "contentHash": "C9d5eRAW/gd5iBZF78JRcwjvjCDRfU0oB48/wx/XbKnONZU4k6hWneTT4M7v3TmVqPFl7UDcLzKCtQ/24efOzw=="
      },
      "runtime.native.System": {
        "type": "Transitive",
        "resolved": "4.0.0",
        "contentHash": "QfS/nQI7k/BLgmLrw7qm7YBoULEvgWnPI+cYsbfCVFTW8Aj+i8JhccxcFMu1RWms0YZzF+UHguNBK4Qn89e2Sg==",
        "dependencies": {
          "Microsoft.NETCore.Platforms": "1.0.1",
          "Microsoft.NETCore.Targets": "1.0.1"
        }
      },
      "runtime.native.System.Security.Cryptography": {
        "type": "Transitive",
        "resolved": "4.0.0",
        "contentHash": "2CQK0jmO6Eu7ZeMgD+LOFbNJSXHFVQbCJJkEyEwowh1SCgYnrn9W9RykMfpeeVGw7h4IBvYikzpGUlmZTUafJw==",
        "dependencies": {
          "Microsoft.NETCore.Platforms": "1.0.1",
          "Microsoft.NETCore.Targets": "1.0.1"
        }
      },
      "runtime.unix.System.Diagnostics.Debug": {
        "type": "Transitive",
        "resolved": "4.0.11",
        "contentHash": "dGIYWbyqSlMlZrsqtU/TdvVNp8lieqowdGBVMi6nFTIiCqrL+RbdiJORguexXNjHtFZR30eE6zPWGxuL60NYFw==",
        "dependencies": {
          "runtime.native.System": "4.0.0"
        }
      },
      "runtime.unix.System.Private.Uri": {
        "type": "Transitive",
        "resolved": "4.0.1",
        "contentHash": "m+7TLWWw4cA44vGxcKpMdV2Lgx6HWOe5rUb5RIADE04S6fJNEwXO6u+KY7oWFJQYn5644NyhSxB9oV28fF94NQ==",
        "dependencies": {
          "runtime.native.System": "4.0.0"
        }
      },
      "runtime.unix.System.Runtime.Extensions": {
        "type": "Transitive",
        "resolved": "4.1.0",
        "contentHash": "ouVt2t9k22LcC9HeNX4mu3Ebvp1h+IPKaYiU3tDtOW9YcMR62XQyHsPq5BjBjMHuxjBRL5Hz+BwhSdrY6HjacA==",
        "dependencies": {
          "System.Private.Uri": "4.0.1",
          "runtime.native.System": "4.0.0",
          "runtime.native.System.Security.Cryptography": "4.0.0"
        }
      },
      "System.Collections": {
        "type": "Transitive",
        "resolved": "4.0.11",
        "contentHash": "YUJGz6eFKqS0V//mLt25vFGrrCvOnsXjlvFQs+KimpwNxug9x0Pzy4PlFMU3Q2IzqAa9G2L4LsK3+9vCBK7oTg==",
        "dependencies": {
          "Microsoft.NETCore.Platforms": "1.0.1",
          "Microsoft.NETCore.Targets": "1.0.1",
          "System.Runtime": "4.1.0",
          "runtime.any.System.Collections": "4.0.11"
        }
      },
      "System.Diagnostics.Debug": {
        "type": "Transitive",
        "resolved": "4.0.11",
        "contentHash": "w5U95fVKHY4G8ASs/K5iK3J5LY+/dLFd4vKejsnI/ZhBsWS9hQakfx3Zr7lRWKg4tAw9r4iktyvsTagWkqYCiw==",
        "dependencies": {
          "Microsoft.NETCore.Platforms": "1.0.1",
          "Microsoft.NETCore.Targets": "1.0.1",
          "System.Runtime": "4.1.0",
          "runtime.unix.System.Diagnostics.Debug": "4.0.11"
        }
      },
      "System.Diagnostics.Tracing": {
        "type": "Transitive",
        "resolved": "4.1.0",
        "contentHash": "vDN1PoMZCkkdNjvZLql592oYJZgS7URcJzJ7bxeBgGtx5UtR5leNm49VmfHGqIffX4FKacHbI3H6UyNSHQknBg==",
        "dependencies": {
          "Microsoft.NETCore.Platforms": "1.0.1",
          "Microsoft.NETCore.Targets": "1.0.1",
          "System.Runtime": "4.1.0",
          "runtime.any.System.Diagnostics.Tracing": "4.1.0"
        }
      },
      "System.Globalization": {
        "type": "Transitive",
        "resolved": "4.0.11",
        "contentHash": "B95h0YLEL2oSnwF/XjqSWKnwKOy/01VWkNlsCeMTFJLLabflpGV26nK164eRs5GiaRSBGpOxQ3pKoSnnyZN5pg==",
        "dependencies": {
          "Microsoft.NETCore.Platforms": "1.0.1",
          "Microsoft.NETCore.Targets": "1.0.1",
          "System.Runtime": "4.1.0",
          "runtime.any.System.Globalization": "4.0.11"
        }
      },
      "System.IO": {
        "type": "Transitive",
        "resolved": "4.1.0",
        "contentHash": "3KlTJceQc3gnGIaHZ7UBZO26SHL1SHE4ddrmiwumFnId+CEHP+O8r386tZKaE6zlk5/mF8vifMBzHj9SaXN+mQ==",
        "dependencies": {
          "Microsoft.NETCore.Platforms": "1.0.1",
          "Microsoft.NETCore.Targets": "1.0.1",
          "System.Runtime": "4.1.0",
          "System.Text.Encoding": "4.0.11",
          "System.Threading.Tasks": "4.0.11",
          "runtime.any.System.IO": "4.1.0"
        }
      },
      "System.Private.Uri": {
        "type": "Transitive",
        "resolved": "4.0.1",
        "contentHash": "OltceAn9yyNf9LZIqvf80DhdRH55iVu1fxowdR79018w1CWIRNojUZBStsiRHvADeKI5pXcM9EftOFikBQh5AA==",
        "dependencies": {
          "Microsoft.NETCore.Platforms": "1.0.1",
          "Microsoft.NETCore.Targets": "1.0.1",
          "runtime.unix.System.Private.Uri": "4.0.1"
        }
      },
      "System.Reflection": {
        "type": "Transitive",
        "resolved": "4.1.0",
        "contentHash": "JCKANJ0TI7kzoQzuwB/OoJANy1Lg338B6+JVacPl4TpUwi3cReg3nMLplMq2uqYfHFQpKIlHAUVAJlImZz/4ng==",
        "dependencies": {
          "Microsoft.NETCore.Platforms": "1.0.1",
          "Microsoft.NETCore.Targets": "1.0.1",
          "System.IO": "4.1.0",
          "System.Reflection.Primitives": "4.0.1",
          "System.Runtime": "4.1.0",
          "runtime.any.System.Reflection": "4.1.0"
        }
      },
      "System.Reflection.Primitives": {
        "type": "Transitive",
        "resolved": "4.0.1",
        "contentHash": "4inTox4wTBaDhB7V3mPvp9XlCbeGYWVEM9/fXALd52vNEAVisc1BoVWQPuUuD0Ga//dNbA/WeMy9u9mzLxGTHQ==",
        "dependencies": {
          "Microsoft.NETCore.Platforms": "1.0.1",
          "Microsoft.NETCore.Targets": "1.0.1",
          "System.Runtime": "4.1.0",
          "runtime.any.System.Reflection.Primitives": "4.0.1"
        }
      },
      "System.Resources.ResourceManager": {
        "type": "Transitive",
        "resolved": "4.0.1",
        "contentHash": "TxwVeUNoTgUOdQ09gfTjvW411MF+w9MBYL7AtNVc+HtBCFlutPLhUCdZjNkjbhj3bNQWMdHboF0KIWEOjJssbA==",
        "dependencies": {
          "Microsoft.NETCore.Platforms": "1.0.1",
          "Microsoft.NETCore.Targets": "1.0.1",
          "System.Globalization": "4.0.11",
          "System.Reflection": "4.1.0",
          "System.Runtime": "4.1.0",
          "runtime.any.System.Resources.ResourceManager": "4.0.1"
        }
      },
      "System.Runtime": {
        "type": "Transitive",
        "resolved": "4.1.0",
        "contentHash": "v6c/4Yaa9uWsq+JMhnOFewrYkgdNHNG2eMKuNqRn8P733rNXeRCGvV5FkkjBXn2dbVkPXOsO0xjsEeM1q2zC0g==",
        "dependencies": {
          "Microsoft.NETCore.Platforms": "1.0.1",
          "Microsoft.NETCore.Targets": "1.0.1",
          "runtime.any.System.Runtime": "4.1.0"
        }
      },
      "System.Runtime.Extensions": {
        "type": "Transitive",
        "resolved": "4.1.0",
        "contentHash": "CUOHjTT/vgP0qGW22U4/hDlOqXmcPq5YicBaXdUR2UiUoLwBT+olO6we4DVbq57jeX5uXH2uerVZhf0qGj+sVQ==",
        "dependencies": {
          "Microsoft.NETCore.Platforms": "1.0.1",
          "Microsoft.NETCore.Targets": "1.0.1",
          "System.Runtime": "4.1.0",
          "runtime.unix.System.Runtime.Extensions": "4.1.0"
        }
      },
      "System.Runtime.Handles": {
        "type": "Transitive",
        "resolved": "4.0.1",
        "contentHash": "nCJvEKguXEvk2ymk1gqj625vVnlK3/xdGzx0vOKicQkoquaTBJTP13AIYkocSUwHCLNBwUbXTqTWGDxBTWpt7g==",
        "dependencies": {
          "Microsoft.NETCore.Platforms": "1.0.1",
          "Microsoft.NETCore.Targets": "1.0.1",
          "System.Runtime": "4.1.0",
          "runtime.any.System.Runtime.Handles": "4.0.1"
        }
      },
      "System.Runtime.InteropServices": {
        "type": "Transitive",
        "resolved": "4.1.0",
        "contentHash": "16eu3kjHS633yYdkjwShDHZLRNMKVi/s0bY8ODiqJ2RfMhDMAwxZaUaWVnZ2P71kr/or+X9o/xFWtNqz8ivieQ==",
        "dependencies": {
          "Microsoft.NETCore.Platforms": "1.0.1",
          "Microsoft.NETCore.Targets": "1.0.1",
          "System.Reflection": "4.1.0",
          "System.Reflection.Primitives": "4.0.1",
          "System.Runtime": "4.1.0",
          "System.Runtime.Handles": "4.0.1",
          "runtime.any.System.Runtime.InteropServices": "4.1.0"
        }
      },
      "System.Text.Encoding": {
        "type": "Transitive",
        "resolved": "4.0.11",
        "contentHash": "U3gGeMlDZXxCEiY4DwVLSacg+DFWCvoiX+JThA/rvw37Sqrku7sEFeVBBBMBnfB6FeZHsyDx85HlKL19x0HtZA==",
        "dependencies": {
          "Microsoft.NETCore.Platforms": "1.0.1",
          "Microsoft.NETCore.Targets": "1.0.1",
          "System.Runtime": "4.1.0",
          "runtime.any.System.Text.Encoding": "4.0.11"
        }
      },
      "System.Text.Encoding.Extensions": {
        "type": "Transitive",
        "resolved": "4.0.11",
        "contentHash": "jtbiTDtvfLYgXn8PTfWI+SiBs51rrmO4AAckx4KR6vFK9Wzf6tI8kcRdsYQNwriUeQ1+CtQbM1W4cMbLXnj/OQ==",
        "dependencies": {
          "Microsoft.NETCore.Platforms": "1.0.1",
          "Microsoft.NETCore.Targets": "1.0.1",
          "System.Runtime": "4.1.0",
          "System.Text.Encoding": "4.0.11",
          "runtime.any.System.Text.Encoding.Extensions": "4.0.11"
        }
      },
      "System.Threading.Tasks": {
        "type": "Transitive",
        "resolved": "4.0.11",
        "contentHash": "k1S4Gc6IGwtHGT8188RSeGaX86Qw/wnrgNLshJvsdNUOPP9etMmo8S07c+UlOAx4K/xLuN9ivA1bD0LVurtIxQ==",
        "dependencies": {
          "Microsoft.NETCore.Platforms": "1.0.1",
          "Microsoft.NETCore.Targets": "1.0.1",
          "System.Runtime": "4.1.0",
          "runtime.any.System.Threading.Tasks": "4.0.11"
        }
      },
      "System.Threading.Timer": {
        "type": "Transitive",
        "resolved": "4.0.1",
        "contentHash": "saGfUV8uqVW6LeURiqxcGhZ24PzuRNaUBtbhVeuUAvky1naH395A/1nY0P2bWvrw/BreRtIB/EzTDkGBpqCwEw==",
        "dependencies": {
          "Microsoft.NETCore.Platforms": "1.0.1",
          "Microsoft.NETCore.Targets": "1.0.1",
          "System.Runtime": "4.1.0",
          "runtime.any.System.Threading.Timer": "4.0.1"
        }
      }
    }
  }
}